
Microsoft Visual Studio Solution File, Format Version 12.00
# Visual Studio Version 16
VisualStudioVersion = 16.0.30709.132
MinimumVisualStudioVersion = 10.0.40219.1
Project("{FAE04EC0-301F-11D3-BF4B-00C04F79EFBC}") = "TC.Bertoni.Web", "TC.Bertoni.Web.csproj", "{E5C1AED8-FF3C-4580-B85A-DED16FA407A6}"
EndProject
Project("{FAE04EC0-301F-11D3-BF4B-00C04F79EFBC}") = "TC.Bertoni.Interface", "..\TC.Bertoni.Interface\TC.Bertoni.Interface.csproj", "{B0563B71-E372-4A75-8440-99389B2CA9C4}"
EndProject
Project("{FAE04EC0-301F-11D3-BF4B-00C04F79EFBC}") = "TC.Bertoni.Service", "..\TC.Bertoni.Service\TC.Bertoni.Service.csproj", "{6069719F-B96F-4582-8216-2EE95165405D}"
EndProject
Project("{FAE04EC0-301F-11D3-BF4B-00C04F79EFBC}") = "TC.Bertoni.Resources", "..\TC.Bertoni.Resources\TC.Bertoni.Resources.csproj", "{DCB815B9-08D8-4228-90DD-F6B1D758BF61}"
EndProject
Global
	GlobalSection(SolutionConfigurationPlatforms) = preSolution
		Debug|Any CPU = Debug|Any CPU
		Release|Any CPU = Release|Any CPU
	EndGlobalSection
	GlobalSection(ProjectConfigurationPlatforms) = postSolution
		{E5C1AED8-FF3C-4580-B85A-DED16FA407A6}.Debug|Any CPU.ActiveCfg = Debug|Any CPU
		{E5C1AED8-FF3C-4580-B85A-DED16FA407A6}.Debug|Any CPU.Build.0 = Debug|Any CPU
		{E5C1AED8-FF3C-4580-B85A-DED16FA407A6}.Release|Any CPU.ActiveCfg = Release|Any CPU
		{E5C1AED8-FF3C-4580-B85A-DED16FA407A6}.Release|Any CPU.Build.0 = Release|Any CPU
		{B0563B71-E372-4A75-8440-99389B2CA9C4}.Debug|Any CPU.ActiveCfg = Debug|Any CPU
		{B0563B71-E372-4A75-8440-99389B2CA9C4}.Debug|Any CPU.Build.0 = Debug|Any CPU
		{B0563B71-E372-4A75-8440-99389B2CA9C4}.Release|Any CPU.ActiveCfg = Release|Any CPU
		{B0563B71-E372-4A75-8440-99389B2CA9C4}.Release|Any CPU.Build.0 = Release|Any CPU
		{6069719F-B96F-4582-8216-2EE95165405D}.Debug|Any CPU.ActiveCfg = Debug|Any CPU
		{6069719F-B96F-4582-8216-2EE95165405D}.Debug|Any CPU.Build.0 = Debug|Any CPU
		{6069719F-B96F-4582-8216-2EE95165405D}.Release|Any CPU.ActiveCfg = Release|Any CPU
		{6069719F-B96F-4582-8216-2EE95165405D}.Release|Any CPU.Build.0 = Release|Any CPU
		{DCB815B9-08D8-4228-90DD-F6B1D758BF61}.Debug|Any CPU.ActiveCfg = Debug|Any CPU
		{DCB815B9-08D8-4228-90DD-F6B1D758BF61}.Debug|Any CPU.Build.0 = Debug|Any CPU
		{DCB815B9-08D8-4228-90DD-F6B1D758BF61}.Release|Any CPU.ActiveCfg = Release|Any CPU
		{DCB815B9-08D8-4228-90DD-F6B1D758BF61}.Release|Any CPU.Build.0 = Release|Any CPU
	EndGlobalSection
	GlobalSection(SolutionProperties) = preSolution
		HideSolutionNode = FALSE
	EndGlobalSection
	GlobalSection(ExtensibilityGlobals) = postSolution
		SolutionGuid = {8AD84E5F-3A9C-4BBD-851B-F1705E65E3A9}
	EndGlobalSection
EndGlobal
